
Microsoft Visual Studio Solution File, Format Version 12.00
# Visual Studio 2013
VisualStudioVersion = 12.0.21005.1
MinimumVisualStudioVersion = 10.0.40219.1
Project("{FAE04EC0-301F-11D3-BF4B-00C04F79EFBC}") = "Subtitler.Lib", "Subtitler.Lib\Subtitler.Lib.csproj", "{3D7CD51F-1F3F-4DC2-843A-A05A53A53868}"
EndProject
Project("{FAE04EC0-301F-11D3-BF4B-00C04F79EFBC}") = "Subtitler.Console", "Subtitler.Console\Subtitler.Console.csproj", "{0AE29D0E-BB06-4955-8A14-CF77EFAD3541}"
EndProject
Project("{FAE04EC0-301F-11D3-BF4B-00C04F79EFBC}") = "Subtitler.Desktop", "Subtitler.Desktop\Subtitler.Desktop.csproj", "{CEFC84F9-4A48-459F-8CF8-B3D8EA51FD9C}"
EndProject
Project("{FAE04EC0-301F-11D3-BF4B-00C04F79EFBC}") = "Subtitler.Test", "Subtitler.Test\Subtitler.Test.csproj", "{C99DD78D-329B-463F-B66A-145446FD25D6}"
EndProject
Project("{6141683F-8A12-4E36-9623-2EB02B2C2303}") = "Subtitler.Setup", "Subtitler.Setup\Subtitler.Setup.isproj", "{0D322E1F-193D-46D8-A533-860E41F06538}"
EndProject
Project("{2150E333-8FDC-42A3-9474-1A3956D46DE8}") = ".nuget", ".nuget", "{F3763F8A-8C50-499B-A0C1-0B01DEC8EB2E}"
	ProjectSection(SolutionItems) = preProject
		.nuget\NuGet.Config = .nuget\NuGet.Config
		.nuget\NuGet.exe = .nuget\NuGet.exe
		.nuget\NuGet.targets = .nuget\NuGet.targets
	EndProjectSection
EndProject
Global
	GlobalSection(SolutionConfigurationPlatforms) = preSolution
		CD_ROM|Any CPU = CD_ROM|Any CPU
		CD_ROM|ARM = CD_ROM|ARM
		CD_ROM|Mixed Platforms = CD_ROM|Mixed Platforms
		CD_ROM|x64 = CD_ROM|x64
		CD_ROM|x86 = CD_ROM|x86
		Debug|Any CPU = Debug|Any CPU
		Debug|ARM = Debug|ARM
		Debug|Mixed Platforms = Debug|Mixed Platforms
		Debug|x64 = Debug|x64
		Debug|x86 = Debug|x86
		DVD-5|Any CPU = DVD-5|Any CPU
		DVD-5|ARM = DVD-5|ARM
		DVD-5|Mixed Platforms = DVD-5|Mixed Platforms
		DVD-5|x64 = DVD-5|x64
		DVD-5|x86 = DVD-5|x86
		Release|Any CPU = Release|Any CPU
		Release|ARM = Release|ARM
		Release|Mixed Platforms = Release|Mixed Platforms
		Release|x64 = Release|x64
		Release|x86 = Release|x86
		SingleImage|Any CPU = SingleImage|Any CPU
		SingleImage|ARM = SingleImage|ARM
		SingleImage|Mixed Platforms = SingleImage|Mixed Platforms
		SingleImage|x64 = SingleImage|x64
		SingleImage|x86 = SingleImage|x86
	EndGlobalSection
	GlobalSection(ProjectConfigurationPlatforms) = postSolution
		{3D7CD51F-1F3F-4DC2-843A-A05A53A53868}.CD_ROM|Any CPU.ActiveCfg = Release|Any CPU
		{3D7CD51F-1F3F-4DC2-843A-A05A53A53868}.CD_ROM|Any CPU.Build.0 = Release|Any CPU
		{3D7CD51F-1F3F-4DC2-843A-A05A53A53868}.CD_ROM|ARM.ActiveCfg = Release|Any CPU
		{3D7CD51F-1F3F-4DC2-843A-A05A53A53868}.CD_ROM|Mixed Platforms.ActiveCfg = Release|Any CPU
		{3D7CD51F-1F3F-4DC2-843A-A05A53A53868}.CD_ROM|Mixed Platforms.Build.0 = Release|Any CPU
		{3D7CD51F-1F3F-4DC2-843A-A05A53A53868}.CD_ROM|x64.ActiveCfg = Release|Any CPU
		{3D7CD51F-1F3F-4DC2-843A-A05A53A53868}.CD_ROM|x86.ActiveCfg = Release|Any CPU
		{3D7CD51F-1F3F-4DC2-843A-A05A53A53868}.Debug|Any CPU.ActiveCfg = Debug|Any CPU
		{3D7CD51F-1F3F-4DC2-843A-A05A53A53868}.Debug|Any CPU.Build.0 = Debug|Any CPU
		{3D7CD51F-1F3F-4DC2-843A-A05A53A53868}.Debug|ARM.ActiveCfg = Debug|Any CPU
		{3D7CD51F-1F3F-4DC2-843A-A05A53A53868}.Debug|Mixed Platforms.ActiveCfg = Debug|Any CPU
		{3D7CD51F-1F3F-4DC2-843A-A05A53A53868}.Debug|Mixed Platforms.Build.0 = Debug|Any CPU
		{3D7CD51F-1F3F-4DC2-843A-A05A53A53868}.Debug|x64.ActiveCfg = Debug|Any CPU
		{3D7CD51F-1F3F-4DC2-843A-A05A53A53868}.Debug|x86.ActiveCfg = Debug|Any CPU
		{3D7CD51F-1F3F-4DC2-843A-A05A53A53868}.DVD-5|Any CPU.ActiveCfg = Debug|Any CPU
		{3D7CD51F-1F3F-4DC2-843A-A05A53A53868}.DVD-5|Any CPU.Build.0 = Debug|Any CPU
		{3D7CD51F-1F3F-4DC2-843A-A05A53A53868}.DVD-5|ARM.ActiveCfg = Debug|Any CPU
		{3D7CD51F-1F3F-4DC2-843A-A05A53A53868}.DVD-5|Mixed Platforms.ActiveCfg = Debug|Any CPU
		{3D7CD51F-1F3F-4DC2-843A-A05A53A53868}.DVD-5|Mixed Platforms.Build.0 = Debug|Any CPU
		{3D7CD51F-1F3F-4DC2-843A-A05A53A53868}.DVD-5|x64.ActiveCfg = Debug|Any CPU
		{3D7CD51F-1F3F-4DC2-843A-A05A53A53868}.DVD-5|x86.ActiveCfg = Debug|Any CPU
		{3D7CD51F-1F3F-4DC2-843A-A05A53A53868}.Release|Any CPU.ActiveCfg = Release|Any CPU
		{3D7CD51F-1F3F-4DC2-843A-A05A53A53868}.Release|Any CPU.Build.0 = Release|Any CPU
		{3D7CD51F-1F3F-4DC2-843A-A05A53A53868}.Release|ARM.ActiveCfg = Release|Any CPU
		{3D7CD51F-1F3F-4DC2-843A-A05A53A53868}.Release|Mixed Platforms.ActiveCfg = Release|Any CPU
		{3D7CD51F-1F3F-4DC2-843A-A05A53A53868}.Release|Mixed Platforms.Build.0 = Release|Any CPU
		{3D7CD51F-1F3F-4DC2-843A-A05A53A53868}.Release|x64.ActiveCfg = Release|Any CPU
		{3D7CD51F-1F3F-4DC2-843A-A05A53A53868}.Release|x86.ActiveCfg = Release|Any CPU
		{3D7CD51F-1F3F-4DC2-843A-A05A53A53868}.SingleImage|Any CPU.ActiveCfg = Release|Any CPU
		{3D7CD51F-1F3F-4DC2-843A-A05A53A53868}.SingleImage|Any CPU.Build.0 = Release|Any CPU
		{3D7CD51F-1F3F-4DC2-843A-A05A53A53868}.SingleImage|ARM.ActiveCfg = Release|Any CPU
		{3D7CD51F-1F3F-4DC2-843A-A05A53A53868}.SingleImage|Mixed Platforms.ActiveCfg = Release|Any CPU
		{3D7CD51F-1F3F-4DC2-843A-A05A53A53868}.SingleImage|Mixed Platforms.Build.0 = Release|Any CPU
		{3D7CD51F-1F3F-4DC2-843A-A05A53A53868}.SingleImage|x64.ActiveCfg = Release|Any CPU
		{3D7CD51F-1F3F-4DC2-843A-A05A53A53868}.SingleImage|x86.ActiveCfg = Release|Any CPU
		{0AE29D0E-BB06-4955-8A14-CF77EFAD3541}.CD_ROM|Any CPU.ActiveCfg = Release|Any CPU
		{0AE29D0E-BB06-4955-8A14-CF77EFAD3541}.CD_ROM|Any CPU.Build.0 = Release|Any CPU
		{0AE29D0E-BB06-4955-8A14-CF77EFAD3541}.CD_ROM|ARM.ActiveCfg = Release|Any CPU
		{0AE29D0E-BB06-4955-8A14-CF77EFAD3541}.CD_ROM|Mixed Platforms.ActiveCfg = Release|Any CPU
		{0AE29D0E-BB06-4955-8A14-CF77EFAD3541}.CD_ROM|Mixed Platforms.Build.0 = Release|Any CPU
		{0AE29D0E-BB06-4955-8A14-CF77EFAD3541}.CD_ROM|x64.ActiveCfg = Release|Any CPU
		{0AE29D0E-BB06-4955-8A14-CF77EFAD3541}.CD_ROM|x86.ActiveCfg = Release|Any CPU
		{0AE29D0E-BB06-4955-8A14-CF77EFAD3541}.Debug|Any CPU.ActiveCfg = Debug|Any CPU
		{0AE29D0E-BB06-4955-8A14-CF77EFAD3541}.Debug|ARM.ActiveCfg = Debug|Any CPU
		{0AE29D0E-BB06-4955-8A14-CF77EFAD3541}.Debug|Mixed Platforms.ActiveCfg = Debug|Any CPU
		{0AE29D0E-BB06-4955-8A14-CF77EFAD3541}.Debug|Mixed Platforms.Build.0 = Debug|Any CPU
		{0AE29D0E-BB06-4955-8A14-CF77EFAD3541}.Debug|x64.ActiveCfg = Debug|Any CPU
		{0AE29D0E-BB06-4955-8A14-CF77EFAD3541}.Debug|x86.ActiveCfg = Debug|Any CPU
		{0AE29D0E-BB06-4955-8A14-CF77EFAD3541}.DVD-5|Any CPU.ActiveCfg = Debug|Any CPU
		{0AE29D0E-BB06-4955-8A14-CF77EFAD3541}.DVD-5|Any CPU.Build.0 = Debug|Any CPU
		{0AE29D0E-BB06-4955-8A14-CF77EFAD3541}.DVD-5|ARM.ActiveCfg = Debug|Any CPU
		{0AE29D0E-BB06-4955-8A14-CF77EFAD3541}.DVD-5|Mixed Platforms.ActiveCfg = Debug|Any CPU
		{0AE29D0E-BB06-4955-8A14-CF77EFAD3541}.DVD-5|Mixed Platforms.Build.0 = Debug|Any CPU
		{0AE29D0E-BB06-4955-8A14-CF77EFAD3541}.DVD-5|x64.ActiveCfg = Debug|Any CPU
		{0AE29D0E-BB06-4955-8A14-CF77EFAD3541}.DVD-5|x86.ActiveCfg = Debug|Any CPU
		{0AE29D0E-BB06-4955-8A14-CF77EFAD3541}.Release|Any CPU.ActiveCfg = Release|Any CPU
		{0AE29D0E-BB06-4955-8A14-CF77EFAD3541}.Release|Any CPU.Build.0 = Release|Any CPU
		{0AE29D0E-BB06-4955-8A14-CF77EFAD3541}.Release|ARM.ActiveCfg = Release|Any CPU
		{0AE29D0E-BB06-4955-8A14-CF77EFAD3541}.Release|Mixed Platforms.ActiveCfg = Release|Any CPU
		{0AE29D0E-BB06-4955-8A14-CF77EFAD3541}.Release|Mixed Platforms.Build.0 = Release|Any CPU
		{0AE29D0E-BB06-4955-8A14-CF77EFAD3541}.Release|x64.ActiveCfg = Release|Any CPU
		{0AE29D0E-BB06-4955-8A14-CF77EFAD3541}.Release|x86.ActiveCfg = Release|Any CPU
		{0AE29D0E-BB06-4955-8A14-CF77EFAD3541}.SingleImage|Any CPU.ActiveCfg = Release|Any CPU
		{0AE29D0E-BB06-4955-8A14-CF77EFAD3541}.SingleImage|Any CPU.Build.0 = Release|Any CPU
		{0AE29D0E-BB06-4955-8A14-CF77EFAD3541}.SingleImage|ARM.ActiveCfg = Release|Any CPU
		{0AE29D0E-BB06-4955-8A14-CF77EFAD3541}.SingleImage|Mixed Platforms.ActiveCfg = Release|Any CPU
		{0AE29D0E-BB06-4955-8A14-CF77EFAD3541}.SingleImage|Mixed Platforms.Build.0 = Release|Any CPU
		{0AE29D0E-BB06-4955-8A14-CF77EFAD3541}.SingleImage|x64.ActiveCfg = Release|Any CPU
		{0AE29D0E-BB06-4955-8A14-CF77EFAD3541}.SingleImage|x86.ActiveCfg = Release|Any CPU
		{CEFC84F9-4A48-459F-8CF8-B3D8EA51FD9C}.CD_ROM|Any CPU.ActiveCfg = Release|x86
		{CEFC84F9-4A48-459F-8CF8-B3D8EA51FD9C}.CD_ROM|ARM.ActiveCfg = Release|x86
		{CEFC84F9-4A48-459F-8CF8-B3D8EA51FD9C}.CD_ROM|Mixed Platforms.ActiveCfg = Release|x86
		{CEFC84F9-4A48-459F-8CF8-B3D8EA51FD9C}.CD_ROM|Mixed Platforms.Build.0 = Release|x86
		{CEFC84F9-4A48-459F-8CF8-B3D8EA51FD9C}.CD_ROM|x64.ActiveCfg = Release|x86
		{CEFC84F9-4A48-459F-8CF8-B3D8EA51FD9C}.CD_ROM|x86.ActiveCfg = Release|x86
		{CEFC84F9-4A48-459F-8CF8-B3D8EA51FD9C}.CD_ROM|x86.Build.0 = Release|x86
		{CEFC84F9-4A48-459F-8CF8-B3D8EA51FD9C}.Debug|Any CPU.ActiveCfg = Debug|x86
		{CEFC84F9-4A48-459F-8CF8-B3D8EA51FD9C}.Debug|Any CPU.Build.0 = Debug|x86
		{CEFC84F9-4A48-459F-8CF8-B3D8EA51FD9C}.Debug|ARM.ActiveCfg = Debug|x86
		{CEFC84F9-4A48-459F-8CF8-B3D8EA51FD9C}.Debug|Mixed Platforms.ActiveCfg = Debug|x86
		{CEFC84F9-4A48-459F-8CF8-B3D8EA51FD9C}.Debug|Mixed Platforms.Build.0 = Debug|x86
		{CEFC84F9-4A48-459F-8CF8-B3D8EA51FD9C}.Debug|x64.ActiveCfg = Debug|x86
		{CEFC84F9-4A48-459F-8CF8-B3D8EA51FD9C}.Debug|x86.ActiveCfg = Debug|x86
		{CEFC84F9-4A48-459F-8CF8-B3D8EA51FD9C}.Debug|x86.Build.0 = Debug|x86
		{CEFC84F9-4A48-459F-8CF8-B3D8EA51FD9C}.DVD-5|Any CPU.ActiveCfg = Debug|x86
		{CEFC84F9-4A48-459F-8CF8-B3D8EA51FD9C}.DVD-5|ARM.ActiveCfg = Debug|x86
		{CEFC84F9-4A48-459F-8CF8-B3D8EA51FD9C}.DVD-5|Mixed Platforms.ActiveCfg = Debug|x86
		{CEFC84F9-4A48-459F-8CF8-B3D8EA51FD9C}.DVD-5|Mixed Platforms.Build.0 = Debug|x86
		{CEFC84F9-4A48-459F-8CF8-B3D8EA51FD9C}.DVD-5|x64.ActiveCfg = Debug|x86
		{CEFC84F9-4A48-459F-8CF8-B3D8EA51FD9C}.DVD-5|x86.ActiveCfg = Debug|x86
		{CEFC84F9-4A48-459F-8CF8-B3D8EA51FD9C}.DVD-5|x86.Build.0 = Debug|x86
		{CEFC84F9-4A48-459F-8CF8-B3D8EA51FD9C}.Release|Any CPU.ActiveCfg = Release|x86
		{CEFC84F9-4A48-459F-8CF8-B3D8EA51FD9C}.Release|ARM.ActiveCfg = Release|x86
		{CEFC84F9-4A48-459F-8CF8-B3D8EA51FD9C}.Release|Mixed Platforms.ActiveCfg = Release|x86
		{CEFC84F9-4A48-459F-8CF8-B3D8EA51FD9C}.Release|Mixed Platforms.Build.0 = Release|x86
		{CEFC84F9-4A48-459F-8CF8-B3D8EA51FD9C}.Release|x64.ActiveCfg = Release|x86
		{CEFC84F9-4A48-459F-8CF8-B3D8EA51FD9C}.Release|x86.ActiveCfg = Release|x86
		{CEFC84F9-4A48-459F-8CF8-B3D8EA51FD9C}.Release|x86.Build.0 = Release|x86
		{CEFC84F9-4A48-459F-8CF8-B3D8EA51FD9C}.SingleImage|Any CPU.ActiveCfg = Release|x86
		{CEFC84F9-4A48-459F-8CF8-B3D8EA51FD9C}.SingleImage|ARM.ActiveCfg = Release|x86
		{CEFC84F9-4A48-459F-8CF8-B3D8EA51FD9C}.SingleImage|Mixed Platforms.ActiveCfg = Release|x86
		{CEFC84F9-4A48-459F-8CF8-B3D8EA51FD9C}.SingleImage|Mixed Platforms.Build.0 = Release|x86
		{CEFC84F9-4A48-459F-8CF8-B3D8EA51FD9C}.SingleImage|x64.ActiveCfg = Release|x86
		{CEFC84F9-4A48-459F-8CF8-B3D8EA51FD9C}.SingleImage|x86.ActiveCfg = Release|x86
		{CEFC84F9-4A48-459F-8CF8-B3D8EA51FD9C}.SingleImage|x86.Build.0 = Release|x86
		{C99DD78D-329B-463F-B66A-145446FD25D6}.CD_ROM|Any CPU.ActiveCfg = Release|Any CPU
		{C99DD78D-329B-463F-B66A-145446FD25D6}.CD_ROM|Any CPU.Build.0 = Release|Any CPU
		{C99DD78D-329B-463F-B66A-145446FD25D6}.CD_ROM|ARM.ActiveCfg = Release|Any CPU
		{C99DD78D-329B-463F-B66A-145446FD25D6}.CD_ROM|Mixed Platforms.ActiveCfg = Release|Any CPU
		{C99DD78D-329B-463F-B66A-145446FD25D6}.CD_ROM|Mixed Platforms.Build.0 = Release|Any CPU
		{C99DD78D-329B-463F-B66A-145446FD25D6}.CD_ROM|x64.ActiveCfg = Release|Any CPU
		{C99DD78D-329B-463F-B66A-145446FD25D6}.CD_ROM|x86.ActiveCfg = Release|Any CPU
		{C99DD78D-329B-463F-B66A-145446FD25D6}.Debug|Any CPU.ActiveCfg = Debug|Any CPU
		{C99DD78D-329B-463F-B66A-145446FD25D6}.Debug|Any CPU.Build.0 = Debug|Any CPU
		{C99DD78D-329B-463F-B66A-145446FD25D6}.Debug|ARM.ActiveCfg = Debug|Any CPU
		{C99DD78D-329B-463F-B66A-145446FD25D6}.Debug|Mixed Platforms.ActiveCfg = Debug|Any CPU
		{C99DD78D-329B-463F-B66A-145446FD25D6}.Debug|Mixed Platforms.Build.0 = Debug|Any CPU
		{C99DD78D-329B-463F-B66A-145446FD25D6}.Debug|x64.ActiveCfg = Debug|Any CPU
		{C99DD78D-329B-463F-B66A-145446FD25D6}.Debug|x86.ActiveCfg = Debug|Any CPU
		{C99DD78D-329B-463F-B66A-145446FD25D6}.DVD-5|Any CPU.ActiveCfg = Debug|Any CPU
		{C99DD78D-329B-463F-B66A-145446FD25D6}.DVD-5|Any CPU.Build.0 = Debug|Any CPU
		{C99DD78D-329B-463F-B66A-145446FD25D6}.DVD-5|ARM.ActiveCfg = Debug|Any CPU
		{C99DD78D-329B-463F-B66A-145446FD25D6}.DVD-5|Mixed Platforms.ActiveCfg = Debug|Any CPU
		{C99DD78D-329B-463F-B66A-145446FD25D6}.DVD-5|Mixed Platforms.Build.0 = Debug|Any CPU
		{C99DD78D-329B-463F-B66A-145446FD25D6}.DVD-5|x64.ActiveCfg = Debug|Any CPU
		{C99DD78D-329B-463F-B66A-145446FD25D6}.DVD-5|x86.ActiveCfg = Debug|Any CPU
		{C99DD78D-329B-463F-B66A-145446FD25D6}.Release|Any CPU.ActiveCfg = Release|Any CPU
		{C99DD78D-329B-463F-B66A-145446FD25D6}.Release|Any CPU.Build.0 = Release|Any CPU
		{C99DD78D-329B-463F-B66A-145446FD25D6}.Release|ARM.ActiveCfg = Release|Any CPU
		{C99DD78D-329B-463F-B66A-145446FD25D6}.Release|Mixed Platforms.ActiveCfg = Release|Any CPU
		{C99DD78D-329B-463F-B66A-145446FD25D6}.Release|Mixed Platforms.Build.0 = Release|Any CPU
		{C99DD78D-329B-463F-B66A-145446FD25D6}.Release|x64.ActiveCfg = Release|Any CPU
		{C99DD78D-329B-463F-B66A-145446FD25D6}.Release|x86.ActiveCfg = Release|Any CPU
		{C99DD78D-329B-463F-B66A-145446FD25D6}.SingleImage|Any CPU.ActiveCfg = Release|Any CPU
		{C99DD78D-329B-463F-B66A-145446FD25D6}.SingleImage|Any CPU.Build.0 = Release|Any CPU
		{C99DD78D-329B-463F-B66A-145446FD25D6}.SingleImage|ARM.ActiveCfg = Release|Any CPU
		{C99DD78D-329B-463F-B66A-145446FD25D6}.SingleImage|Mixed Platforms.ActiveCfg = Release|Any CPU
		{C99DD78D-329B-463F-B66A-145446FD25D6}.SingleImage|Mixed Platforms.Build.0 = Release|Any CPU
		{C99DD78D-329B-463F-B66A-145446FD25D6}.SingleImage|x64.ActiveCfg = Release|Any CPU
		{C99DD78D-329B-463F-B66A-145446FD25D6}.SingleImage|x86.ActiveCfg = Release|Any CPU
		{0D322E1F-193D-46D8-A533-860E41F06538}.CD_ROM|Any CPU.ActiveCfg = CD_ROM
		{0D322E1F-193D-46D8-A533-860E41F06538}.CD_ROM|Any CPU.Build.0 = CD_ROM
		{0D322E1F-193D-46D8-A533-860E41F06538}.CD_ROM|ARM.ActiveCfg = CD_ROM
		{0D322E1F-193D-46D8-A533-860E41F06538}.CD_ROM|ARM.Build.0 = CD_ROM
		{0D322E1F-193D-46D8-A533-860E41F06538}.CD_ROM|Mixed Platforms.ActiveCfg = CD_ROM
		{0D322E1F-193D-46D8-A533-860E41F06538}.CD_ROM|Mixed Platforms.Build.0 = CD_ROM
		{0D322E1F-193D-46D8-A533-860E41F06538}.CD_ROM|x64.ActiveCfg = CD_ROM
		{0D322E1F-193D-46D8-A533-860E41F06538}.CD_ROM|x64.Build.0 = CD_ROM
		{0D322E1F-193D-46D8-A533-860E41F06538}.CD_ROM|x86.ActiveCfg = CD_ROM
		{0D322E1F-193D-46D8-A533-860E41F06538}.CD_ROM|x86.Build.0 = CD_ROM
		{0D322E1F-193D-46D8-A533-860E41F06538}.Debug|Any CPU.ActiveCfg = DVD-5
		{0D322E1F-193D-46D8-A533-860E41F06538}.Debug|ARM.ActiveCfg = DVD-5
		{0D322E1F-193D-46D8-A533-860E41F06538}.Debug|ARM.Build.0 = DVD-5
		{0D322E1F-193D-46D8-A533-860E41F06538}.Debug|Mixed Platforms.ActiveCfg = DVD-5
		{0D322E1F-193D-46D8-A533-860E41F06538}.Debug|x64.ActiveCfg = DVD-5
		{0D322E1F-193D-46D8-A533-860E41F06538}.Debug|x64.Build.0 = DVD-5
		{0D322E1F-193D-46D8-A533-860E41F06538}.Debug|x86.ActiveCfg = DVD-5
		{0D322E1F-193D-46D8-A533-860E41F06538}.Debug|x86.Build.0 = DVD-5
		{0D322E1F-193D-46D8-A533-860E41F06538}.DVD-5|Any CPU.ActiveCfg = DVD-5
		{0D322E1F-193D-46D8-A533-860E41F06538}.DVD-5|Any CPU.Build.0 = DVD-5
		{0D322E1F-193D-46D8-A533-860E41F06538}.DVD-5|ARM.ActiveCfg = DVD-5
		{0D322E1F-193D-46D8-A533-860E41F06538}.DVD-5|ARM.Build.0 = DVD-5
		{0D322E1F-193D-46D8-A533-860E41F06538}.DVD-5|Mixed Platforms.ActiveCfg = DVD-5
		{0D322E1F-193D-46D8-A533-860E41F06538}.DVD-5|Mixed Platforms.Build.0 = DVD-5
		{0D322E1F-193D-46D8-A533-860E41F06538}.DVD-5|x64.ActiveCfg = DVD-5
		{0D322E1F-193D-46D8-A533-860E41F06538}.DVD-5|x64.Build.0 = DVD-5
		{0D322E1F-193D-46D8-A533-860E41F06538}.DVD-5|x86.ActiveCfg = DVD-5
		{0D322E1F-193D-46D8-A533-860E41F06538}.DVD-5|x86.Build.0 = DVD-5
		{0D322E1F-193D-46D8-A533-860E41F06538}.Release|Any CPU.ActiveCfg = SingleImage
		{0D322E1F-193D-46D8-A533-860E41F06538}.Release|Any CPU.Build.0 = SingleImage
		{0D322E1F-193D-46D8-A533-860E41F06538}.Release|ARM.ActiveCfg = SingleImage
		{0D322E1F-193D-46D8-A533-860E41F06538}.Release|ARM.Build.0 = SingleImage
		{0D322E1F-193D-46D8-A533-860E41F06538}.Release|Mixed Platforms.ActiveCfg = SingleImage
		{0D322E1F-193D-46D8-A533-860E41F06538}.Release|Mixed Platforms.Build.0 = SingleImage
		{0D322E1F-193D-46D8-A533-860E41F06538}.Release|x64.ActiveCfg = SingleImage
		{0D322E1F-193D-46D8-A533-860E41F06538}.Release|x64.Build.0 = SingleImage
		{0D322E1F-193D-46D8-A533-860E41F06538}.Release|x86.ActiveCfg = SingleImage
		{0D322E1F-193D-46D8-A533-860E41F06538}.Release|x86.Build.0 = SingleImage
		{0D322E1F-193D-46D8-A533-860E41F06538}.SingleImage|Any CPU.ActiveCfg = SingleImage
		{0D322E1F-193D-46D8-A533-860E41F06538}.SingleImage|Any CPU.Build.0 = SingleImage
		{0D322E1F-193D-46D8-A533-860E41F06538}.SingleImage|ARM.ActiveCfg = SingleImage
		{0D322E1F-193D-46D8-A533-860E41F06538}.SingleImage|ARM.Build.0 = SingleImage
		{0D322E1F-193D-46D8-A533-860E41F06538}.SingleImage|Mixed Platforms.ActiveCfg = SingleImage
		{0D322E1F-193D-46D8-A533-860E41F06538}.SingleImage|Mixed Platforms.Build.0 = SingleImage
		{0D322E1F-193D-46D8-A533-860E41F06538}.SingleImage|x64.ActiveCfg = SingleImage
		{0D322E1F-193D-46D8-A533-860E41F06538}.SingleImage|x64.Build.0 = SingleImage
		{0D322E1F-193D-46D8-A533-860E41F06538}.SingleImage|x86.ActiveCfg = SingleImage
		{0D322E1F-193D-46D8-A533-860E41F06538}.SingleImage|x86.Build.0 = SingleImage
	EndGlobalSection
	GlobalSection(SolutionProperties) = preSolution
		HideSolutionNode = FALSE
	EndGlobalSection
EndGlobal
